// !$*UTF8*$!
{
	archiveVersion = 1;
	classes = {
	};
	objectVersion = 56;
	objects = {

/* Begin PBXBuildFile section */
		B776008D2DD19B6000EC4E94 /* self_introductionApp.swift in Sources */ = {isa = PBXBuildFile; fileRef = B776008C2DD19B6000EC4E94 /* self_introductionApp.swift */; };
		B776008F2DD19B6000EC4E94 /* ContentView.swift in Sources */ = {isa = PBXBuildFile; fileRef = B776008E2DD19B6000EC4E94 /* ContentView.swift */; };
		B77600912DD19B6200EC4E94 /* Assets.xcassets in Resources */ = {isa = PBXBuildFile; fileRef = B77600902DD19B6200EC4E94 /* Assets.xcassets */; };
		B77600942DD19B6200EC4E94 /* Preview Assets.xcassets in Resources */ = {isa = PBXBuildFile; fileRef = B77600932DD19B6200EC4E94 /* Preview Assets.xcassets */; };
		B776009E2DD19B6300EC4E94 /* self_introductionTests.swift in Sources */ = {isa = PBXBuildFile; fileRef = B776009D2DD19B6300EC4E94 /* self_introductionTests.swift */; };
		B77600A82DD19B6300EC4E94 /* self_introductionUITests.swift in Sources */ = {isa = PBXBuildFile; fileRef = B77600A72DD19B6300EC4E94 /* self_introductionUITests.swift */; };
		B77600AA2DD19B6300EC4E94 /* self_introductionUITestsLaunchTests.swift in Sources */ = {isa = PBXBuildFile; fileRef = B77600A92DD19B6300EC4E94 /* self_introductionUITestsLaunchTests.swift */; };
		B77600B82DD24B9300EC4E94 /* UserModels.swift in Sources */ = {isa = PBXBuildFile; fileRef = B77600B72DD24B9300EC4E94 /* UserModels.swift */; };
		B77600BB2DD24BAD00EC4E94 /* SupabaseService.swift in Sources */ = {isa = PBXBuildFile; fileRef = B77600BA2DD24BAD00EC4E94 /* SupabaseService.swift */; };
		B77600BD2DD24BB900EC4E94 /* OpenAIService.swift in Sources */ = {isa = PBXBuildFile; fileRef = B77600BC2DD24BB900EC4E94 /* OpenAIService.swift */; };
		B77600C02DD24BD700EC4E94 /* AuthViewModel.swift in Sources */ = {isa = PBXBuildFile; fileRef = B77600BF2DD24BD700EC4E94 /* AuthViewModel.swift */; };
		B77600C22DD24BE900EC4E94 /* ScenarioListViewModel.swift in Sources */ = {isa = PBXBuildFile; fileRef = B77600C12DD24BE900EC4E94 /* ScenarioListViewModel.swift */; };
		B77600C42DD24BF600EC4E94 /* IntroGeneratorViewModel.swift in Sources */ = {isa = PBXBuildFile; fileRef = B77600C32DD24BF600EC4E94 /* IntroGeneratorViewModel.swift */; };
		B77600C62DD24C0200EC4E94 /* QuotaViewModel.swift in Sources */ = {isa = PBXBuildFile; fileRef = B77600C52DD24C0200EC4E94 /* QuotaViewModel.swift */; };
		B77600C92DD24C1A00EC4E94 /* RootView.swift in Sources */ = {isa = PBXBuildFile; fileRef = B77600C82DD24C1A00EC4E94 /* RootView.swift */; };
		B77600CB2DD24C2A00EC4E94 /* SignInView.swift in Sources */ = {isa = PBXBuildFile; fileRef = B77600CA2DD24C2A00EC4E94 /* SignInView.swift */; };
		B77600CD2DD24C3800EC4E94 /* MainTabView.swift in Sources */ = {isa = PBXBuildFile; fileRef = B77600CC2DD24C3800EC4E94 /* MainTabView.swift */; };
		B77600CF2DD24C4700EC4E94 /* ScenarioListView.swift in Sources */ = {isa = PBXBuildFile; fileRef = B77600CE2DD24C4700EC4E94 /* ScenarioListView.swift */; };
		B77600D12DD24C5600EC4E94 /* IntroGeneratorView.swift in Sources */ = {isa = PBXBuildFile; fileRef = B77600D02DD24C5600EC4E94 /* IntroGeneratorView.swift */; };
		B77600D32DD24C6500EC4E94 /* PaywallView.swift in Sources */ = {isa = PBXBuildFile; fileRef = B77600D22DD24C6500EC4E94 /* PaywallView.swift */; };
		B77600D52DD24C7400EC4E94 /* HistoryView.swift in Sources */ = {isa = PBXBuildFile; fileRef = B77600D42DD24C7400EC4E94 /* HistoryView.swift */; };
		B77600D72DD24C8100EC4E94 /* SettingsView.swift in Sources */ = {isa = PBXBuildFile; fileRef = B77600D62DD24C8100EC4E94 /* SettingsView.swift */; };
		B77600DA2DD258EE00EC4E94 /* Auth in Frameworks */ = {isa = PBXBuildFile; productRef = B77600D92DD258EE00EC4E94 /* Auth */; };
		B77600DC2DD258EE00EC4E94 /* Functions in Frameworks */ = {isa = PBXBuildFile; productRef = B77600DB2DD258EE00EC4E94 /* Functions */; };
		B77600DE2DD258EE00EC4E94 /* PostgREST in Frameworks */ = {isa = PBXBuildFile; productRef = B77600DD2DD258EE00EC4E94 /* PostgREST */; };
		B77600E02DD258EE00EC4E94 /* Realtime in Frameworks */ = {isa = PBXBuildFile; productRef = B77600DF2DD258EE00EC4E94 /* Realtime */; };
		B77600E22DD258EE00EC4E94 /* Storage in Frameworks */ = {isa = PBXBuildFile; productRef = B77600E12DD258EE00EC4E94 /* Storage */; };
		B77600E42DD258EE00EC4E94 /* Supabase in Frameworks */ = {isa = PBXBuildFile; productRef = B77600E32DD258EE00EC4E94 /* Supabase */; };
/* End PBXBuildFile section */

/* Begin PBXContainerItemProxy section */
		B776009A2DD19B6300EC4E94 /* PBXContainerItemProxy */ = {
			isa = PBXContainerItemProxy;
			containerPortal = B77600812DD19B6000EC4E94 /* Project object */;
			proxyType = 1;
			remoteGlobalIDString = B77600882DD19B6000EC4E94;
			remoteInfo = "self-introduction";
		};
		B77600A42DD19B6300EC4E94 /* PBXContainerItemProxy */ = {
			isa = PBXContainerItemProxy;
			containerPortal = B77600812DD19B6000EC4E94 /* Project object */;
			proxyType = 1;
			remoteGlobalIDString = B77600882DD19B6000EC4E94;
			remoteInfo = "self-introduction";
		};
/* End PBXContainerItemProxy section */

/* Begin PBXFileReference section */
		B77600892DD19B6000EC4E94 /* self-introduction.app */ = {isa = PBXFileReference; explicitFileType = wrapper.application; includeInIndex = 0; path = "self-introduction.app"; sourceTree = BUILT_PRODUCTS_DIR; };
		B776008C2DD19B6000EC4E94 /* self_introductionApp.swift */ = {isa = PBXFileReference; lastKnownFileType = sourcecode.swift; path = self_introductionApp.swift; sourceTree = "<group>"; };
		B776008E2DD19B6000EC4E94 /* ContentView.swift */ = {isa = PBXFileReference; lastKnownFileType = sourcecode.swift; path = ContentView.swift; sourceTree = "<group>"; };
		B77600902DD19B6200EC4E94 /* Assets.xcassets */ = {isa = PBXFileReference; lastKnownFileType = folder.assetcatalog; path = Assets.xcassets; sourceTree = "<group>"; };
		B77600932DD19B6200EC4E94 /* Preview Assets.xcassets */ = {isa = PBXFileReference; lastKnownFileType = folder.assetcatalog; path = "Preview Assets.xcassets"; sourceTree = "<group>"; };
		B77600992DD19B6300EC4E94 /* self-introductionTests.xctest */ = {isa = PBXFileReference; explicitFileType = wrapper.cfbundle; includeInIndex = 0; path = "self-introductionTests.xctest"; sourceTree = BUILT_PRODUCTS_DIR; };
		B776009D2DD19B6300EC4E94 /* self_introductionTests.swift */ = {isa = PBXFileReference; lastKnownFileType = sourcecode.swift; path = self_introductionTests.swift; sourceTree = "<group>"; };
		B77600A32DD19B6300EC4E94 /* self-introductionUITests.xctest */ = {isa = PBXFileReference; explicitFileType = wrapper.cfbundle; includeInIndex = 0; path = "self-introductionUITests.xctest"; sourceTree = BUILT_PRODUCTS_DIR; };
		B77600A72DD19B6300EC4E94 /* self_introductionUITests.swift */ = {isa = PBXFileReference; lastKnownFileType = sourcecode.swift; path = self_introductionUITests.swift; sourceTree = "<group>"; };
		B77600A92DD19B6300EC4E94 /* self_introductionUITestsLaunchTests.swift */ = {isa = PBXFileReference; lastKnownFileType = sourcecode.swift; path = self_introductionUITestsLaunchTests.swift; sourceTree = "<group>"; };
		B77600B72DD24B9300EC4E94 /* UserModels.swift */ = {isa = PBXFileReference; lastKnownFileType = sourcecode.swift; path = UserModels.swift; sourceTree = "<group>"; };
		B77600BA2DD24BAD00EC4E94 /* SupabaseService.swift */ = {isa = PBXFileReference; lastKnownFileType = sourcecode.swift; path = SupabaseService.swift; sourceTree = "<group>"; };
		B77600BC2DD24BB900EC4E94 /* OpenAIService.swift */ = {isa = PBXFileReference; lastKnownFileType = sourcecode.swift; path = OpenAIService.swift; sourceTree = "<group>"; };
		B77600BF2DD24BD700EC4E94 /* AuthViewModel.swift */ = {isa = PBXFileReference; lastKnownFileType = sourcecode.swift; path = AuthViewModel.swift; sourceTree = "<group>"; };
		B77600C12DD24BE900EC4E94 /* ScenarioListViewModel.swift */ = {isa = PBXFileReference; lastKnownFileType = sourcecode.swift; path = ScenarioListViewModel.swift; sourceTree = "<group>"; };
		B77600C32DD24BF600EC4E94 /* IntroGeneratorViewModel.swift */ = {isa = PBXFileReference; lastKnownFileType = sourcecode.swift; path = IntroGeneratorViewModel.swift; sourceTree = "<group>"; };
		B77600C52DD24C0200EC4E94 /* QuotaViewModel.swift */ = {isa = PBXFileReference; lastKnownFileType = sourcecode.swift; path = QuotaViewModel.swift; sourceTree = "<group>"; };
		B77600C82DD24C1A00EC4E94 /* RootView.swift */ = {isa = PBXFileReference; lastKnownFileType = sourcecode.swift; path = RootView.swift; sourceTree = "<group>"; };
		B77600CA2DD24C2A00EC4E94 /* SignInView.swift */ = {isa = PBXFileReference; lastKnownFileType = sourcecode.swift; path = SignInView.swift; sourceTree = "<group>"; };
		B77600CC2DD24C3800EC4E94 /* MainTabView.swift */ = {isa = PBXFileReference; lastKnownFileType = sourcecode.swift; path = MainTabView.swift; sourceTree = "<group>"; };
		B77600CE2DD24C4700EC4E94 /* ScenarioListView.swift */ = {isa = PBXFileReference; lastKnownFileType = sourcecode.swift; path = ScenarioListView.swift; sourceTree = "<group>"; };
		B77600D02DD24C5600EC4E94 /* IntroGeneratorView.swift */ = {isa = PBXFileReference; lastKnownFileType = sourcecode.swift; path = IntroGeneratorView.swift; sourceTree = "<group>"; };
		B77600D22DD24C6500EC4E94 /* PaywallView.swift */ = {isa = PBXFileReference; lastKnownFileType = sourcecode.swift; path = PaywallView.swift; sourceTree = "<group>"; };
		B77600D42DD24C7400EC4E94 /* HistoryView.swift */ = {isa = PBXFileReference; lastKnownFileType = sourcecode.swift; path = HistoryView.swift; sourceTree = "<group>"; };
		B77600D62DD24C8100EC4E94 /* SettingsView.swift */ = {isa = PBXFileReference; lastKnownFileType = sourcecode.swift; path = SettingsView.swift; sourceTree = "<group>"; };
/* End PBXFileReference section */

/* Begin PBXFrameworksBuildPhase section */
		B77600862DD19B6000EC4E94 /* Frameworks */ = {
			isa = PBXFrameworksBuildPhase;
			buildActionMask = 2147483647;
			files = (
				B77600DE2DD258EE00EC4E94 /* PostgREST in Frameworks */,
				B77600DC2DD258EE00EC4E94 /* Functions in Frameworks */,
				B77600E42DD258EE00EC4E94 /* Supabase in Frameworks */,
				B77600DA2DD258EE00EC4E94 /* Auth in Frameworks */,
				B77600E22DD258EE00EC4E94 /* Storage in Frameworks */,
				B77600E02DD258EE00EC4E94 /* Realtime in Frameworks */,
			);
			runOnlyForDeploymentPostprocessing = 0;
		};
		B77600962DD19B6300EC4E94 /* Frameworks */ = {
			isa = PBXFrameworksBuildPhase;
			buildActionMask = 2147483647;
			files = (
			);
			runOnlyForDeploymentPostprocessing = 0;
		};
		B77600A02DD19B6300EC4E94 /* Frameworks */ = {
			isa = PBXFrameworksBuildPhase;
			buildActionMask = 2147483647;
			files = (
			);
			runOnlyForDeploymentPostprocessing = 0;
		};
/* End PBXFrameworksBuildPhase section */

/* Begin PBXGroup section */
		B77600802DD19B6000EC4E94 = {
			isa = PBXGroup;
			children = (
				B776008B2DD19B6000EC4E94 /* self-introduction */,
				B776009C2DD19B6300EC4E94 /* self-introductionTests */,
				B77600A62DD19B6300EC4E94 /* self-introductionUITests */,
				B776008A2DD19B6000EC4E94 /* Products */,
			);
			sourceTree = "<group>";
		};
		B776008A2DD19B6000EC4E94 /* Products */ = {
			isa = PBXGroup;
			children = (
				B77600892DD19B6000EC4E94 /* self-introduction.app */,
				B77600992DD19B6300EC4E94 /* self-introductionTests.xctest */,
				B77600A32DD19B6300EC4E94 /* self-introductionUITests.xctest */,
			);
			name = Products;
			sourceTree = "<group>";
		};
		B776008B2DD19B6000EC4E94 /* self-introduction */ = {
			isa = PBXGroup;
			children = (
				B77600C72DD24C0E00EC4E94 /* Views */,
				B77600BE2DD24BC900EC4E94 /* ViewModels */,
				B77600B92DD24BA000EC4E94 /* Services */,
				B77600B62DD24B7700EC4E94 /* Models */,
				B776008C2DD19B6000EC4E94 /* self_introductionApp.swift */,
				B776008E2DD19B6000EC4E94 /* ContentView.swift */,
				B77600902DD19B6200EC4E94 /* Assets.xcassets */,
				B77600922DD19B6200EC4E94 /* Preview Content */,
			);
			path = "self-introduction";
			sourceTree = "<group>";
		};
		B77600922DD19B6200EC4E94 /* Preview Content */ = {
			isa = PBXGroup;
			children = (
				B77600932DD19B6200EC4E94 /* Preview Assets.xcassets */,
			);
			path = "Preview Content";
			sourceTree = "<group>";
		};
		B776009C2DD19B6300EC4E94 /* self-introductionTests */ = {
			isa = PBXGroup;
			children = (
				B776009D2DD19B6300EC4E94 /* self_introductionTests.swift */,
			);
			path = "self-introductionTests";
			sourceTree = "<group>";
		};
		B77600A62DD19B6300EC4E94 /* self-introductionUITests */ = {
			isa = PBXGroup;
			children = (
				B77600A72DD19B6300EC4E94 /* self_introductionUITests.swift */,
				B77600A92DD19B6300EC4E94 /* self_introductionUITestsLaunchTests.swift */,
			);
			path = "self-introductionUITests";
			sourceTree = "<group>";
		};
		B77600B62DD24B7700EC4E94 /* Models */ = {
			isa = PBXGroup;
			children = (
				B77600B72DD24B9300EC4E94 /* UserModels.swift */,
			);
			path = Models;
			sourceTree = "<group>";
		};
		B77600B92DD24BA000EC4E94 /* Services */ = {
			isa = PBXGroup;
			children = (
				B77600BA2DD24BAD00EC4E94 /* SupabaseService.swift */,
				B77600BC2DD24BB900EC4E94 /* OpenAIService.swift */,
			);
			path = Services;
			sourceTree = "<group>";
		};
		B77600BE2DD24BC900EC4E94 /* ViewModels */ = {
			isa = PBXGroup;
			children = (
				B77600BF2DD24BD700EC4E94 /* AuthViewModel.swift */,
				B77600C12DD24BE900EC4E94 /* ScenarioListViewModel.swift */,
				B77600C32DD24BF600EC4E94 /* IntroGeneratorViewModel.swift */,
				B77600C52DD24C0200EC4E94 /* QuotaViewModel.swift */,
			);
			path = ViewModels;
			sourceTree = "<group>";
		};
		B77600C72DD24C0E00EC4E94 /* Views */ = {
			isa = PBXGroup;
			children = (
				B77600C82DD24C1A00EC4E94 /* RootView.swift */,
				B77600CA2DD24C2A00EC4E94 /* SignInView.swift */,
				B77600CC2DD24C3800EC4E94 /* MainTabView.swift */,
				B77600CE2DD24C4700EC4E94 /* ScenarioListView.swift */,
				B77600D02DD24C5600EC4E94 /* IntroGeneratorView.swift */,
				B77600D22DD24C6500EC4E94 /* PaywallView.swift */,
				B77600D42DD24C7400EC4E94 /* HistoryView.swift */,
				B77600D62DD24C8100EC4E94 /* SettingsView.swift */,
			);
			path = Views;
			sourceTree = "<group>";
		};
/* End PBXGroup section */

/* Begin PBXNativeTarget section */
		B77600882DD19B6000EC4E94 /* self-introduction */ = {
			isa = PBXNativeTarget;
			buildConfigurationList = B77600AD2DD19B6300EC4E94 /* Build configuration list for PBXNativeTarget "self-introduction" */;
			buildPhases = (
				B77600852DD19B6000EC4E94 /* Sources */,
				B77600862DD19B6000EC4E94 /* Frameworks */,
				B77600872DD19B6000EC4E94 /* Resources */,
			);
			buildRules = (
			);
			dependencies = (
			);
			name = "self-introduction";
			packageProductDependencies = (
				B77600D92DD258EE00EC4E94 /* Auth */,
				B77600DB2DD258EE00EC4E94 /* Functions */,
				B77600DD2DD258EE00EC4E94 /* PostgREST */,
				B77600DF2DD258EE00EC4E94 /* Realtime */,
				B77600E12DD258EE00EC4E94 /* Storage */,
				B77600E32DD258EE00EC4E94 /* Supabase */,
			);
			productName = "self-introduction";
			productReference = B77600892DD19B6000EC4E94 /* self-introduction.app */;
			productType = "com.apple.product-type.application";
		};
		B77600982DD19B6300EC4E94 /* self-introductionTests */ = {
			isa = PBXNativeTarget;
			buildConfigurationList = B77600B02DD19B6300EC4E94 /* Build configuration list for PBXNativeTarget "self-introductionTests" */;
			buildPhases = (
				B77600952DD19B6300EC4E94 /* Sources */,
				B77600962DD19B6300EC4E94 /* Frameworks */,
				B77600972DD19B6300EC4E94 /* Resources */,
			);
			buildRules = (
			);
			dependencies = (
				B776009B2DD19B6300EC4E94 /* PBXTargetDependency */,
			);
			name = "self-introductionTests";
			productName = "self-introductionTests";
			productReference = B77600992DD19B6300EC4E94 /* self-introductionTests.xctest */;
			productType = "com.apple.product-type.bundle.unit-test";
		};
		B77600A22DD19B6300EC4E94 /* self-introductionUITests */ = {
			isa = PBXNativeTarget;
			buildConfigurationList = B77600B32DD19B6300EC4E94 /* Build configuration list for PBXNativeTarget "self-introductionUITests" */;
			buildPhases = (
				B776009F2DD19B6300EC4E94 /* Sources */,
				B77600A02DD19B6300EC4E94 /* Frameworks */,
				B77600A12DD19B6300EC4E94 /* Resources */,
			);
			buildRules = (
			);
			dependencies = (
				B77600A52DD19B6300EC4E94 /* PBXTargetDependency */,
			);
			name = "self-introductionUITests";
			productName = "self-introductionUITests";
			productReference = B77600A32DD19B6300EC4E94 /* self-introductionUITests.xctest */;
			productType = "com.apple.product-type.bundle.ui-testing";
		};
/* End PBXNativeTarget section */

/* Begin PBXProject section */
		B77600812DD19B6000EC4E94 /* Project object */ = {
			isa = PBXProject;
			attributes = {
				BuildIndependentTargetsInParallel = 1;
				LastSwiftUpdateCheck = 1520;
				LastUpgradeCheck = 1520;
				TargetAttributes = {
					B77600882DD19B6000EC4E94 = {
						CreatedOnToolsVersion = 15.2;
					};
					B77600982DD19B6300EC4E94 = {
						CreatedOnToolsVersion = 15.2;
						TestTargetID = B77600882DD19B6000EC4E94;
					};
					B77600A22DD19B6300EC4E94 = {
						CreatedOnToolsVersion = 15.2;
						TestTargetID = B77600882DD19B6000EC4E94;
					};
				};
			};
			buildConfigurationList = B77600842DD19B6000EC4E94 /* Build configuration list for PBXProject "self-introduction" */;
			compatibilityVersion = "Xcode 14.0";
			developmentRegion = en;
			hasScannedForEncodings = 0;
			knownRegions = (
				en,
				Base,
			);
			mainGroup = B77600802DD19B6000EC4E94;
			packageReferences = (
				B77600D82DD258EE00EC4E94 /* XCRemoteSwiftPackageReference "supabase-swift" */,
			);
			productRefGroup = B776008A2DD19B6000EC4E94 /* Products */;
			projectDirPath = "";
			projectRoot = "";
			targets = (
				B77600882DD19B6000EC4E94 /* self-introduction */,
				B77600982DD19B6300EC4E94 /* self-introductionTests */,
				B77600A22DD19B6300EC4E94 /* self-introductionUITests */,
			);
		};
/* End PBXProject section */

/* Begin PBXResourcesBuildPhase section */
		B77600872DD19B6000EC4E94 /* Resources */ = {
			isa = PBXResourcesBuildPhase;
			buildActionMask = 2147483647;
			files = (
				B77600942DD19B6200EC4E94 /* Preview Assets.xcassets in Resources */,
				B77600912DD19B6200EC4E94 /* Assets.xcassets in Resources */,
			);
			runOnlyForDeploymentPostprocessing = 0;
		};
		B77600972DD19B6300EC4E94 /* Resources */ = {
			isa = PBXResourcesBuildPhase;
			buildActionMask = 2147483647;
			files = (
			);
			runOnlyForDeploymentPostprocessing = 0;
		};
		B77600A12DD19B6300EC4E94 /* Resources */ = {
			isa = PBXResourcesBuildPhase;
			buildActionMask = 2147483647;
			files = (
			);
			runOnlyForDeploymentPostprocessing = 0;
		};
/* End PBXResourcesBuildPhase section */

/* Begin PBXSourcesBuildPhase section */
		B77600852DD19B6000EC4E94 /* Sources */ = {
			isa = PBXSourcesBuildPhase;
			buildActionMask = 2147483647;
			files = (
				B77600C22DD24BE900EC4E94 /* ScenarioListViewModel.swift in Sources */,
				B776008F2DD19B6000EC4E94 /* ContentView.swift in Sources */,
				B77600C62DD24C0200EC4E94 /* QuotaViewModel.swift in Sources */,
				B77600CF2DD24C4700EC4E94 /* ScenarioListView.swift in Sources */,
				B77600BB2DD24BAD00EC4E94 /* SupabaseService.swift in Sources */,
				B77600D72DD24C8100EC4E94 /* SettingsView.swift in Sources */,
				B77600D12DD24C5600EC4E94 /* IntroGeneratorView.swift in Sources */,
				B77600C92DD24C1A00EC4E94 /* RootView.swift in Sources */,
				B77600D32DD24C6500EC4E94 /* PaywallView.swift in Sources */,
				B77600C02DD24BD700EC4E94 /* AuthViewModel.swift in Sources */,
				B77600D52DD24C7400EC4E94 /* HistoryView.swift in Sources */,
				B77600BD2DD24BB900EC4E94 /* OpenAIService.swift in Sources */,
				B77600B82DD24B9300EC4E94 /* UserModels.swift in Sources */,
				B776008D2DD19B6000EC4E94 /* self_introductionApp.swift in Sources */,
				B77600CB2DD24C2A00EC4E94 /* SignInView.swift in Sources */,
				B77600C42DD24BF600EC4E94 /* IntroGeneratorViewModel.swift in Sources */,
				B77600CD2DD24C3800EC4E94 /* MainTabView.swift in Sources */,
			);
			runOnlyForDeploymentPostprocessing = 0;
		};
		B77600952DD19B6300EC4E94 /* Sources */ = {
			isa = PBXSourcesBuildPhase;
			buildActionMask = 2147483647;
			files = (
				B776009E2DD19B6300EC4E94 /* self_introductionTests.swift in Sources */,
			);
			runOnlyForDeploymentPostprocessing = 0;
		};
		B776009F2DD19B6300EC4E94 /* Sources */ = {
			isa = PBXSourcesBuildPhase;
			buildActionMask = 2147483647;
			files = (
				B77600AA2DD19B6300EC4E94 /* self_introductionUITestsLaunchTests.swift in Sources */,
				B77600A82DD19B6300EC4E94 /* self_introductionUITests.swift in Sources */,
			);
			runOnlyForDeploymentPostprocessing = 0;
		};
/* End PBXSourcesBuildPhase section */

/* Begin PBXTargetDependency section */
		B776009B2DD19B6300EC4E94 /* PBXTargetDependency */ = {
			isa = PBXTargetDependency;
			target = B77600882DD19B6000EC4E94 /* self-introduction */;
			targetProxy = B776009A2DD19B6300EC4E94 /* PBXContainerItemProxy */;
		};
		B77600A52DD19B6300EC4E94 /* PBXTargetDependency */ = {
			isa = PBXTargetDependency;
			target = B77600882DD19B6000EC4E94 /* self-introduction */;
			targetProxy = B77600A42DD19B6300EC4E94 /* PBXContainerItemProxy */;
		};
/* End PBXTargetDependency section */

/* Begin XCBuildConfiguration section */
		B77600AB2DD19B6300EC4E94 /* Debug */ = {
			isa = XCBuildConfiguration;
			buildSettings = {
				ALWAYS_SEARCH_USER_PATHS = NO;
				ASSETCATALOG_COMPILER_GENERATE_SWIFT_ASSET_SYMBOL_EXTENSIONS = YES;
				CLANG_ANALYZER_NONNULL = YES;
				CLANG_ANALYZER_NUMBER_OBJECT_CONVERSION = YES_AGGRESSIVE;
				CLANG_CXX_LANGUAGE_STANDARD = "gnu++20";
				CLANG_ENABLE_MODULES = YES;
				CLANG_ENABLE_OBJC_ARC = YES;
				CLANG_ENABLE_OBJC_WEAK = YES;
				CLANG_WARN_BLOCK_CAPTURE_AUTORELEASING = YES;
				CLANG_WARN_BOOL_CONVERSION = YES;
				CLANG_WARN_COMMA = YES;
				CLANG_WARN_CONSTANT_CONVERSION = YES;
				CLANG_WARN_DEPRECATED_OBJC_IMPLEMENTATIONS = YES;
				CLANG_WARN_DIRECT_OBJC_ISA_USAGE = YES_ERROR;
				CLANG_WARN_DOCUMENTATION_COMMENTS = YES;
				CLANG_WARN_EMPTY_BODY = YES;
				CLANG_WARN_ENUM_CONVERSION = YES;
				CLANG_WARN_INFINITE_RECURSION = YES;
				CLANG_WARN_INT_CONVERSION = YES;
				CLANG_WARN_NON_LITERAL_NULL_CONVERSION = YES;
				CLANG_WARN_OBJC_IMPLICIT_RETAIN_SELF = YES;
				CLANG_WARN_OBJC_LITERAL_CONVERSION = YES;
				CLANG_WARN_OBJC_ROOT_CLASS = YES_ERROR;
				CLANG_WARN_QUOTED_INCLUDE_IN_FRAMEWORK_HEADER = YES;
				CLANG_WARN_RANGE_LOOP_ANALYSIS = YES;
				CLANG_WARN_STRICT_PROTOTYPES = YES;
				CLANG_WARN_SUSPICIOUS_MOVE = YES;
				CLANG_WARN_UNGUARDED_AVAILABILITY = YES_AGGRESSIVE;
				CLANG_WARN_UNREACHABLE_CODE = YES;
				CLANG_WARN__DUPLICATE_METHOD_MATCH = YES;
				COPY_PHASE_STRIP = NO;
				DEBUG_INFORMATION_FORMAT = dwarf;
				ENABLE_STRICT_OBJC_MSGSEND = YES;
				ENABLE_TESTABILITY = YES;
				ENABLE_USER_SCRIPT_SANDBOXING = YES;
				GCC_C_LANGUAGE_STANDARD = gnu17;
				GCC_DYNAMIC_NO_PIC = NO;
				GCC_NO_COMMON_BLOCKS = YES;
				GCC_OPTIMIZATION_LEVEL = 0;
				GCC_PREPROCESSOR_DEFINITIONS = (
					"DEBUG=1",
					"$(inherited)",
				);
				GCC_WARN_64_TO_32_BIT_CONVERSION = YES;
				GCC_WARN_ABOUT_RETURN_TYPE = YES_ERROR;
				GCC_WARN_UNDECLARED_SELECTOR = YES;
				GCC_WARN_UNINITIALIZED_AUTOS = YES_AGGRESSIVE;
				GCC_WARN_UNUSED_FUNCTION = YES;
				GCC_WARN_UNUSED_VARIABLE = YES;
				IPHONEOS_DEPLOYMENT_TARGET = 17.2;
				LOCALIZATION_PREFERS_STRING_CATALOGS = YES;
				MTL_ENABLE_DEBUG_INFO = INCLUDE_SOURCE;
				MTL_FAST_MATH = YES;
				ONLY_ACTIVE_ARCH = YES;
				SDKROOT = iphoneos;
				SWIFT_ACTIVE_COMPILATION_CONDITIONS = "DEBUG $(inherited)";
				SWIFT_OPTIMIZATION_LEVEL = "-Onone";
			};
			name = Debug;
		};
		B77600AC2DD19B6300EC4E94 /* Release */ = {
			isa = XCBuildConfiguration;
			buildSettings = {
				ALWAYS_SEARCH_USER_PATHS = NO;
				ASSETCATALOG_COMPILER_GENERATE_SWIFT_ASSET_SYMBOL_EXTENSIONS = YES;
				CLANG_ANALYZER_NONNULL = YES;
				CLANG_ANALYZER_NUMBER_OBJECT_CONVERSION = YES_AGGRESSIVE;
				CLANG_CXX_LANGUAGE_STANDARD = "gnu++20";
				CLANG_ENABLE_MODULES = YES;
				CLANG_ENABLE_OBJC_ARC = YES;
				CLANG_ENABLE_OBJC_WEAK = YES;
				CLANG_WARN_BLOCK_CAPTURE_AUTORELEASING = YES;
				CLANG_WARN_BOOL_CONVERSION = YES;
				CLANG_WARN_COMMA = YES;
				CLANG_WARN_CONSTANT_CONVERSION = YES;
				CLANG_WARN_DEPRECATED_OBJC_IMPLEMENTATIONS = YES;
				CLANG_WARN_DIRECT_OBJC_ISA_USAGE = YES_ERROR;
				CLANG_WARN_DOCUMENTATION_COMMENTS = YES;
				CLANG_WARN_EMPTY_BODY = YES;
				CLANG_WARN_ENUM_CONVERSION = YES;
				CLANG_WARN_INFINITE_RECURSION = YES;
				CLANG_WARN_INT_CONVERSION = YES;
				CLANG_WARN_NON_LITERAL_NULL_CONVERSION = YES;
				CLANG_WARN_OBJC_IMPLICIT_RETAIN_SELF = YES;
				CLANG_WARN_OBJC_LITERAL_CONVERSION = YES;
				CLANG_WARN_OBJC_ROOT_CLASS = YES_ERROR;
				CLANG_WARN_QUOTED_INCLUDE_IN_FRAMEWORK_HEADER = YES;
				CLANG_WARN_RANGE_LOOP_ANALYSIS = YES;
				CLANG_WARN_STRICT_PROTOTYPES = YES;
				CLANG_WARN_SUSPICIOUS_MOVE = YES;
				CLANG_WARN_UNGUARDED_AVAILABILITY = YES_AGGRESSIVE;
				CLANG_WARN_UNREACHABLE_CODE = YES;
				CLANG_WARN__DUPLICATE_METHOD_MATCH = YES;
				COPY_PHASE_STRIP = NO;
				DEBUG_INFORMATION_FORMAT = "dwarf-with-dsym";
				ENABLE_NS_ASSERTIONS = NO;
				ENABLE_STRICT_OBJC_MSGSEND = YES;
				ENABLE_USER_SCRIPT_SANDBOXING = YES;
				GCC_C_LANGUAGE_STANDARD = gnu17;
				GCC_NO_COMMON_BLOCKS = YES;
				GCC_WARN_64_TO_32_BIT_CONVERSION = YES;
				GCC_WARN_ABOUT_RETURN_TYPE = YES_ERROR;
				GCC_WARN_UNDECLARED_SELECTOR = YES;
				GCC_WARN_UNINITIALIZED_AUTOS = YES_AGGRESSIVE;
				GCC_WARN_UNUSED_FUNCTION = YES;
				GCC_WARN_UNUSED_VARIABLE = YES;
				IPHONEOS_DEPLOYMENT_TARGET = 17.2;
				LOCALIZATION_PREFERS_STRING_CATALOGS = YES;
				MTL_ENABLE_DEBUG_INFO = NO;
				MTL_FAST_MATH = YES;
				SDKROOT = iphoneos;
				SWIFT_COMPILATION_MODE = wholemodule;
				VALIDATE_PRODUCT = YES;
			};
			name = Release;
		};
		B77600AE2DD19B6300EC4E94 /* Debug */ = {
			isa = XCBuildConfiguration;
			buildSettings = {
				ASSETCATALOG_COMPILER_APPICON_NAME = AppIcon;
				ASSETCATALOG_COMPILER_GLOBAL_ACCENT_COLOR_NAME = AccentColor;
				CODE_SIGN_STYLE = Automatic;
				CURRENT_PROJECT_VERSION = 1;
				DEVELOPMENT_ASSET_PATHS = "\"self-introduction/Preview Content\"";
				DEVELOPMENT_TEAM = S2U5DSY4NR;
				ENABLE_PREVIEWS = YES;
				GENERATE_INFOPLIST_FILE = YES;
				INFOPLIST_KEY_UIApplicationSceneManifest_Generation = YES;
				INFOPLIST_KEY_UIApplicationSupportsIndirectInputEvents = YES;
				INFOPLIST_KEY_UILaunchScreen_Generation = YES;
				INFOPLIST_KEY_UISupportedInterfaceOrientations_iPad = "UIInterfaceOrientationPortrait UIInterfaceOrientationPortraitUpsideDown UIInterfaceOrientationLandscapeLeft UIInterfaceOrientationLandscapeRight";
				INFOPLIST_KEY_UISupportedInterfaceOrientations_iPhone = "UIInterfaceOrientationPortrait UIInterfaceOrientationLandscapeLeft UIInterfaceOrientationLandscapeRight";
				LD_RUNPATH_SEARCH_PATHS = (
					"$(inherited)",
					"@executable_path/Frameworks",
				);
				MARKETING_VERSION = 1.0;
				PRODUCT_BUNDLE_IDENTIFIER = "Simulator.self-introduction";
				PRODUCT_NAME = "$(TARGET_NAME)";
				SWIFT_EMIT_LOC_STRINGS = YES;
				SWIFT_VERSION = 5.0;
				TARGETED_DEVICE_FAMILY = "1,2";
			};
			name = Debug;
		};
		B77600AF2DD19B6300EC4E94 /* Release */ = {
			isa = XCBuildConfiguration;
			buildSettings = {
				ASSETCATALOG_COMPILER_APPICON_NAME = AppIcon;
				ASSETCATALOG_COMPILER_GLOBAL_ACCENT_COLOR_NAME = AccentColor;
				CODE_SIGN_STYLE = Automatic;
				CURRENT_PROJECT_VERSION = 1;
				DEVELOPMENT_ASSET_PATHS = "\"self-introduction/Preview Content\"";
				DEVELOPMENT_TEAM = S2U5DSY4NR;
				ENABLE_PREVIEWS = YES;
				GENERATE_INFOPLIST_FILE = YES;
				INFOPLIST_KEY_UIApplicationSceneManifest_Generation = YES;
				INFOPLIST_KEY_UIApplicationSupportsIndirectInputEvents = YES;
				INFOPLIST_KEY_UILaunchScreen_Generation = YES;
				INFOPLIST_KEY_UISupportedInterfaceOrientations_iPad = "UIInterfaceOrientationPortrait UIInterfaceOrientationPortraitUpsideDown UIInterfaceOrientationLandscapeLeft UIInterfaceOrientationLandscapeRight";
				INFOPLIST_KEY_UISupportedInterfaceOrientations_iPhone = "UIInterfaceOrientationPortrait UIInterfaceOrientationLandscapeLeft UIInterfaceOrientationLandscapeRight";
				LD_RUNPATH_SEARCH_PATHS = (
					"$(inherited)",
					"@executable_path/Frameworks",
				);
				MARKETING_VERSION = 1.0;
				PRODUCT_BUNDLE_IDENTIFIER = "Simulator.self-introduction";
				PRODUCT_NAME = "$(TARGET_NAME)";
				SWIFT_EMIT_LOC_STRINGS = YES;
				SWIFT_VERSION = 5.0;
				TARGETED_DEVICE_FAMILY = "1,2";
			};
			name = Release;
		};
		B77600B12DD19B6300EC4E94 /* Debug */ = {
			isa = XCBuildConfiguration;
			buildSettings = {
				ALWAYS_EMBED_SWIFT_STANDARD_LIBRARIES = YES;
				BUNDLE_LOADER = "$(TEST_HOST)";
				CODE_SIGN_STYLE = Automatic;
				CURRENT_PROJECT_VERSION = 1;
				DEVELOPMENT_TEAM = S2U5DSY4NR;
				GENERATE_INFOPLIST_FILE = YES;
				IPHONEOS_DEPLOYMENT_TARGET = 17.2;
				MARKETING_VERSION = 1.0;
				PRODUCT_BUNDLE_IDENTIFIER = "Simulator.self-introductionTests";
				PRODUCT_NAME = "$(TARGET_NAME)";
				SWIFT_EMIT_LOC_STRINGS = NO;
				SWIFT_VERSION = 5.0;
				TARGETED_DEVICE_FAMILY = "1,2";
				TEST_HOST = "$(BUILT_PRODUCTS_DIR)/self-introduction.app/$(BUNDLE_EXECUTABLE_FOLDER_PATH)/self-introduction";
			};
			name = Debug;
		};
		B77600B22DD19B6300EC4E94 /* Release */ = {
			isa = XCBuildConfiguration;
			buildSettings = {
				ALWAYS_EMBED_SWIFT_STANDARD_LIBRARIES = YES;
				BUNDLE_LOADER = "$(TEST_HOST)";
				CODE_SIGN_STYLE = Automatic;
				CURRENT_PROJECT_VERSION = 1;
				DEVELOPMENT_TEAM = S2U5DSY4NR;
				GENERATE_INFOPLIST_FILE = YES;
				IPHONEOS_DEPLOYMENT_TARGET = 17.2;
				MARKETING_VERSION = 1.0;
				PRODUCT_BUNDLE_IDENTIFIER = "Simulator.self-introductionTests";
				PRODUCT_NAME = "$(TARGET_NAME)";
				SWIFT_EMIT_LOC_STRINGS = NO;
				SWIFT_VERSION = 5.0;
				TARGETED_DEVICE_FAMILY = "1,2";
				TEST_HOST = "$(BUILT_PRODUCTS_DIR)/self-introduction.app/$(BUNDLE_EXECUTABLE_FOLDER_PATH)/self-introduction";
			};
			name = Release;
		};
		B77600B42DD19B6300EC4E94 /* Debug */ = {
			isa = XCBuildConfiguration;
			buildSettings = {
				ALWAYS_EMBED_SWIFT_STANDARD_LIBRARIES = YES;
				CODE_SIGN_STYLE = Automatic;
				CURRENT_PROJECT_VERSION = 1;
				DEVELOPMENT_TEAM = S2U5DSY4NR;
				GENERATE_INFOPLIST_FILE = YES;
				MARKETING_VERSION = 1.0;
				PRODUCT_BUNDLE_IDENTIFIER = "Simulator.self-introductionUITests";
				PRODUCT_NAME = "$(TARGET_NAME)";
				SWIFT_EMIT_LOC_STRINGS = NO;
				SWIFT_VERSION = 5.0;
				TARGETED_DEVICE_FAMILY = "1,2";
				TEST_TARGET_NAME = "self-introduction";
			};
			name = Debug;
		};
		B77600B52DD19B6300EC4E94 /* Release */ = {
			isa = XCBuildConfiguration;
			buildSettings = {
				ALWAYS_EMBED_SWIFT_STANDARD_LIBRARIES = YES;
				CODE_SIGN_STYLE = Automatic;
				CURRENT_PROJECT_VERSION = 1;
				DEVELOPMENT_TEAM = S2U5DSY4NR;
				GENERATE_INFOPLIST_FILE = YES;
				MARKETING_VERSION = 1.0;
				PRODUCT_BUNDLE_IDENTIFIER = "Simulator.self-introductionUITests";
				PRODUCT_NAME = "$(TARGET_NAME)";
				SWIFT_EMIT_LOC_STRINGS = NO;
				SWIFT_VERSION = 5.0;
				TARGETED_DEVICE_FAMILY = "1,2";
				TEST_TARGET_NAME = "self-introduction";
			};
			name = Release;
		};
/* End XCBuildConfiguration section */

/* Begin XCConfigurationList section */
		B77600842DD19B6000EC4E94 /* Build configuration list for PBXProject "self-introduction" */ = {
			isa = XCConfigurationList;
			buildConfigurations = (
				B77600AB2DD19B6300EC4E94 /* Debug */,
				B77600AC2DD19B6300EC4E94 /* Release */,
			);
			defaultConfigurationIsVisible = 0;
			defaultConfigurationName = Release;
		};
		B77600AD2DD19B6300EC4E94 /* Build configuration list for PBXNativeTarget "self-introduction" */ = {
			isa = XCConfigurationList;
			buildConfigurations = (
				B77600AE2DD19B6300EC4E94 /* Debug */,
				B77600AF2DD19B6300EC4E94 /* Release */,
			);
			defaultConfigurationIsVisible = 0;
			defaultConfigurationName = Release;
		};
		B77600B02DD19B6300EC4E94 /* Build configuration list for PBXNativeTarget "self-introductionTests" */ = {
			isa = XCConfigurationList;
			buildConfigurations = (
				B77600B12DD19B6300EC4E94 /* Debug */,
				B77600B22DD19B6300EC4E94 /* Release */,
			);
			defaultConfigurationIsVisible = 0;
			defaultConfigurationName = Release;
		};
		B77600B32DD19B6300EC4E94 /* Build configuration list for PBXNativeTarget "self-introductionUITests" */ = {
			isa = XCConfigurationList;
			buildConfigurations = (
				B77600B42DD19B6300EC4E94 /* Debug */,
				B77600B52DD19B6300EC4E94 /* Release */,
			);
			defaultConfigurationIsVisible = 0;
			defaultConfigurationName = Release;
		};
/* End XCConfigurationList section */

/* Begin XCRemoteSwiftPackageReference section */
		B77600D82DD258EE00EC4E94 /* XCRemoteSwiftPackageReference "supabase-swift" */ = {
			isa = XCRemoteSwiftPackageReference;
			repositoryURL = "https://github.com/supabase-community/supabase-swift";
			requirement = {
				kind = upToNextMajorVersion;
				minimumVersion = 2.5.1;
			};
		};
/* End XCRemoteSwiftPackageReference section */

/* Begin XCSwiftPackageProductDependency section */
		B77600D92DD258EE00EC4E94 /* Auth */ = {
			isa = XCSwiftPackageProductDependency;
			package = B77600D82DD258EE00EC4E94 /* XCRemoteSwiftPackageReference "supabase-swift" */;
			productName = Auth;
		};
		B77600DB2DD258EE00EC4E94 /* Functions */ = {
			isa = XCSwiftPackageProductDependency;
			package = B77600D82DD258EE00EC4E94 /* XCRemoteSwiftPackageReference "supabase-swift" */;
			productName = Functions;
		};
		B77600DD2DD258EE00EC4E94 /* PostgREST */ = {
			isa = XCSwiftPackageProductDependency;
			package = B77600D82DD258EE00EC4E94 /* XCRemoteSwiftPackageReference "supabase-swift" */;
			productName = PostgREST;
		};
		B77600DF2DD258EE00EC4E94 /* Realtime */ = {
			isa = XCSwiftPackageProductDependency;
			package = B77600D82DD258EE00EC4E94 /* XCRemoteSwiftPackageReference "supabase-swift" */;
			productName = Realtime;
		};
		B77600E12DD258EE00EC4E94 /* Storage */ = {
			isa = XCSwiftPackageProductDependency;
			package = B77600D82DD258EE00EC4E94 /* XCRemoteSwiftPackageReference "supabase-swift" */;
			productName = Storage;
		};
		B77600E32DD258EE00EC4E94 /* Supabase */ = {
			isa = XCSwiftPackageProductDependency;
			package = B77600D82DD258EE00EC4E94 /* XCRemoteSwiftPackageReference "supabase-swift" */;
			productName = Supabase;
		};
/* End XCSwiftPackageProductDependency section */
	};
	rootObject = B77600812DD19B6000EC4E94 /* Project object */;
}
